
Microsoft Visual Studio Solution File, Format Version 12.00
# Visual Studio Version 16
VisualStudioVersion = 16.0.31410.357
MinimumVisualStudioVersion = 10.0.40219.1
Project("{FAE04EC0-301F-11D3-BF4B-00C04F79EFBC}") = "UserAuth", "UserAuth.csproj", "{836C5EC1-9C34-46B9-92D0-BCA07F72EA20}"
EndProject
Global
	GlobalSection(SolutionConfigurationPlatforms) = preSolution
		Debug|Any CPU = Debug|Any CPU
		Release|Any CPU = Release|Any CPU
	EndGlobalSection
	GlobalSection(ProjectConfigurationPlatforms) = postSolution
		{836C5EC1-9C34-46B9-92D0-BCA07F72EA20}.Debug|Any CPU.ActiveCfg = Debug|Any CPU
		{836C5EC1-9C34-46B9-92D0-BCA07F72EA20}.Debug|Any CPU.Build.0 = Debug|Any CPU
		{836C5EC1-9C34-46B9-92D0-BCA07F72EA20}.Release|Any CPU.ActiveCfg = Release|Any CPU
		{836C5EC1-9C34-46B9-92D0-BCA07F72EA20}.Release|Any CPU.Build.0 = Release|Any CPU
	EndGlobalSection
	GlobalSection(SolutionProperties) = preSolution
		HideSolutionNode = FALSE
	EndGlobalSection
	GlobalSection(ExtensibilityGlobals) = postSolution
		SolutionGuid = {64433CB4-4105-40E1-8F6A-30DBE1C0BA8E}
	EndGlobalSection
EndGlobal
